PODS:
  - dyci (0.1.5.6):
    - dyci/Injections
  - dyci/Injections (0.1.5.6)
  - KZPlayground (0.1.1):
    - dyci (~> 0.1.5.6)
    - RSSwizzle (~> 0.1.0)
  - RSSwizzle (0.1.0)

DEPENDENCIES:
  - KZPlayground (from `../`)

EXTERNAL SOURCES:
  KZPlayground:
    :path: ../

SPEC CHECKSUMS:
  dyci: 86668b266b8a281cb6db02843150f6a210c34ee9
  KZPlayground: f96d4338c6c8e3c90c5b0c76b7be81857e3d974a
  RSSwizzle: ab39962b7ec56d19c2318ec1127e253797121363

COCOAPODS: 0.34.4
