PODS:
  - dyci (0.1.5.6):
    - dyci/Injections
  - dyci/Injections (0.1.5.6)
  - KZPlayground (0.2.5):
    - dyci (~> 0.1.5.6)
    - RSSwizzle (~> 0.1.0)
  - RSSwizzle (0.1.0)

DEPENDENCIES:
  - KZPlayground (from `../`)

EXTERNAL SOURCES:
  KZPlayground:
    :path: ../

SPEC CHECKSUMS:
  dyci: 86668b266b8a281cb6db02843150f6a210c34ee9
  KZPlayground: baece034b5c37369274d271ee63790b33eabd0ff
  RSSwizzle: ab39962b7ec56d19c2318ec1127e253797121363

COCOAPODS: 0.34.4
